
Microsoft Visual Studio Solution File, Format Version 12.00
# Visual Studio 2012
Project("{8BC9CEB8-8B4A-11D0-8D11-00A0C91BC942}") = "injection", "injection\injection.vcxproj", "{8E8D0102-2EB4-461D-B7CF-EF9CEDCBD713}"
EndProject
Global
	GlobalSection(SolutionConfigurationPlatforms) = preSolution
		Debug|Win32 = Debug|Win32
		Release|Win32 = Release|Win32
	EndGlobalSection
	GlobalSection(ProjectConfigurationPlatforms) = postSolution
		{8E8D0102-2EB4-461D-B7CF-EF9CEDCBD713}.Debug|Win32.ActiveCfg = Debug|Win32
		{8E8D0102-2EB4-461D-B7CF-EF9CEDCBD713}.Debug|Win32.Build.0 = Debug|Win32
		{8E8D0102-2EB4-461D-B7CF-EF9CEDCBD713}.Release|Win32.ActiveCfg = Release|Win32
		{8E8D0102-2EB4-461D-B7CF-EF9CEDCBD713}.Release|Win32.Build.0 = Release|Win32
	EndGlobalSection
	GlobalSection(SolutionProperties) = preSolution
		HideSolutionNode = FALSE
	EndGlobalSection
EndGlobal
